
Microsoft Visual Studio Solution File, Format Version 12.00
# Visual Studio 15
VisualStudioVersion = 15.0.28307.1259
MinimumVisualStudioVersion = 10.0.40219.1
Project("{E24C65DC-7377-472B-9ABA-BC803B73C61A}") = "Tar7", ".", "{4049BFAF-232E-44F0-971E-A0A0716CDE5C}"
	ProjectSection(WebsiteProperties) = preProject
		TargetFrameworkMoniker = ".NETFramework,Version%3Dv4.0"
		Debug.AspNetCompiler.VirtualPath = "/localhost_49235"
		Debug.AspNetCompiler.PhysicalPath = "..\Tar7\"
		Debug.AspNetCompiler.TargetPath = "PrecompiledWeb\localhost_49235\"
		Debug.AspNetCompiler.Updateable = "true"
		Debug.AspNetCompiler.ForceOverwrite = "true"
		Debug.AspNetCompiler.FixedNames = "false"
		Debug.AspNetCompiler.Debug = "True"
		Release.AspNetCompiler.VirtualPath = "/localhost_49235"
		Release.AspNetCompiler.PhysicalPath = "..\Tar7\"
		Release.AspNetCompiler.TargetPath = "PrecompiledWeb\localhost_49235\"
		Release.AspNetCompiler.Updateable = "true"
		Release.AspNetCompiler.ForceOverwrite = "true"
		Release.AspNetCompiler.FixedNames = "false"
		Release.AspNetCompiler.Debug = "False"
		VWDPort = "49235"
		SlnRelativePath = "..\Tar7\"
	EndProjectSection
EndProject
Global
	GlobalSection(SolutionConfigurationPlatforms) = preSolution
		Debug|Any CPU = Debug|Any CPU
	EndGlobalSection
	GlobalSection(ProjectConfigurationPlatforms) = postSolution
		{4049BFAF-232E-44F0-971E-A0A0716CDE5C}.Debug|Any CPU.ActiveCfg = Debug|Any CPU
		{4049BFAF-232E-44F0-971E-A0A0716CDE5C}.Debug|Any CPU.Build.0 = Debug|Any CPU
	EndGlobalSection
	GlobalSection(SolutionProperties) = preSolution
		HideSolutionNode = FALSE
	EndGlobalSection
	GlobalSection(ExtensibilityGlobals) = postSolution
		SolutionGuid = {2DACAA59-A65F-4419-919C-FD74E027844C}
	EndGlobalSection
EndGlobal
